
Microsoft Visual Studio Solution File, Format Version 12.00
# Visual Studio Version 17
VisualStudioVersion = 17.5.002.0
MinimumVisualStudioVersion = 10.0.40219.1
Project("{9A19103F-16F7-4668-BE54-9A1E7A4F7556}") = "DiabloMod", "DiabloMod.csproj", "{272C909B-C442-422E-ADD6-13C306EF4AED}"
EndProject
Global
	GlobalSection(SolutionConfigurationPlatforms) = preSolution
		Debug|Any CPU = Debug|Any CPU
		Release|Any CPU = Release|Any CPU
	EndGlobalSection
	GlobalSection(ProjectConfigurationPlatforms) = postSolution
		{272C909B-C442-422E-ADD6-13C306EF4AED}.Debug|Any CPU.ActiveCfg = Debug|Any CPU
		{272C909B-C442-422E-ADD6-13C306EF4AED}.Debug|Any CPU.Build.0 = Debug|Any CPU
		{272C909B-C442-422E-ADD6-13C306EF4AED}.Release|Any CPU.ActiveCfg = Release|Any CPU
		{272C909B-C442-422E-ADD6-13C306EF4AED}.Release|Any CPU.Build.0 = Release|Any CPU
	EndGlobalSection
	GlobalSection(SolutionProperties) = preSolution
		HideSolutionNode = FALSE
	EndGlobalSection
	GlobalSection(ExtensibilityGlobals) = postSolution
		SolutionGuid = {B1752F9C-CE78-4CA5-9C08-8C78BBA88969}
	EndGlobalSection
EndGlobal
